
Microsoft Visual Studio Solution File, Format Version 12.00
# Visual Studio Version 16
VisualStudioVersion = 16.0.32228.547
MinimumVisualStudioVersion = 10.0.40219.1
Project("{9A19103F-16F7-4668-BE54-9A1E7A4F7556}") = "ASP.Net_Core_FinalProject_API", "ASP.Net Core Final Project Web API\ASP.Net_Core_FinalProject_API.csproj", "{FA7A0C69-AE01-411D-98F4-FD72520EA26B}"
EndProject
Global
	GlobalSection(SolutionConfigurationPlatforms) = preSolution
		Debug|Any CPU = Debug|Any CPU
		Release|Any CPU = Release|Any CPU
	EndGlobalSection
	GlobalSection(ProjectConfigurationPlatforms) = postSolution
		{FA7A0C69-AE01-411D-98F4-FD72520EA26B}.Debug|Any CPU.ActiveCfg = Debug|Any CPU
		{FA7A0C69-AE01-411D-98F4-FD72520EA26B}.Debug|Any CPU.Build.0 = Debug|Any CPU
		{FA7A0C69-AE01-411D-98F4-FD72520EA26B}.Release|Any CPU.ActiveCfg = Release|Any CPU
		{FA7A0C69-AE01-411D-98F4-FD72520EA26B}.Release|Any CPU.Build.0 = Release|Any CPU
	EndGlobalSection
	GlobalSection(SolutionProperties) = preSolution
		HideSolutionNode = FALSE
	EndGlobalSection
	GlobalSection(ExtensibilityGlobals) = postSolution
		SolutionGuid = {E320295F-DB39-4432-A659-E10C492F0C78}
	EndGlobalSection
EndGlobal
